
Microsoft Visual Studio Solution File, Format Version 12.00
# Visual Studio Version 16
VisualStudioVersion = 16.0.31005.135
MinimumVisualStudioVersion = 10.0.40219.1
Project("{FAE04EC0-301F-11D3-BF4B-00C04F79EFBC}") = "ConsoleApp10", "ConsoleApp10\ConsoleApp10.csproj", "{C98AB74E-0D25-404A-82C6-404B3F8E876E}"
EndProject
Global
	GlobalSection(SolutionConfigurationPlatforms) = preSolution
		Debug|Any CPU = Debug|Any CPU
		Release|Any CPU = Release|Any CPU
	EndGlobalSection
	GlobalSection(ProjectConfigurationPlatforms) = postSolution
		{C98AB74E-0D25-404A-82C6-404B3F8E876E}.Debug|Any CPU.ActiveCfg = Debug|Any CPU
		{C98AB74E-0D25-404A-82C6-404B3F8E876E}.Debug|Any CPU.Build.0 = Debug|Any CPU
		{C98AB74E-0D25-404A-82C6-404B3F8E876E}.Release|Any CPU.ActiveCfg = Release|Any CPU
		{C98AB74E-0D25-404A-82C6-404B3F8E876E}.Release|Any CPU.Build.0 = Release|Any CPU
	EndGlobalSection
	GlobalSection(SolutionProperties) = preSolution
		HideSolutionNode = FALSE
	EndGlobalSection
	GlobalSection(ExtensibilityGlobals) = postSolution
		SolutionGuid = {819B9EFB-1656-4967-8A23-3C23F4BDAC15}
	EndGlobalSection
EndGlobal
